
Microsoft Visual Studio Solution File, Format Version 12.00
# Visual Studio Version 16
VisualStudioVersion = 16.0.30503.244
MinimumVisualStudioVersion = 10.0.40219.1
Project("{FAE04EC0-301F-11D3-BF4B-00C04F79EFBC}") = "SnakesLadders", "SnakesLadders\SnakesLadders.csproj", "{183ABF95-DDAE-4EA7-9E6C-6E5578B6AFF3}"
EndProject
Global
	GlobalSection(SolutionConfigurationPlatforms) = preSolution
		Debug|Any CPU = Debug|Any CPU
		Release|Any CPU = Release|Any CPU
	EndGlobalSection
	GlobalSection(ProjectConfigurationPlatforms) = postSolution
		{183ABF95-DDAE-4EA7-9E6C-6E5578B6AFF3}.Debug|Any CPU.ActiveCfg = Debug|Any CPU
		{183ABF95-DDAE-4EA7-9E6C-6E5578B6AFF3}.Debug|Any CPU.Build.0 = Debug|Any CPU
		{183ABF95-DDAE-4EA7-9E6C-6E5578B6AFF3}.Release|Any CPU.ActiveCfg = Release|Any CPU
		{183ABF95-DDAE-4EA7-9E6C-6E5578B6AFF3}.Release|Any CPU.Build.0 = Release|Any CPU
	EndGlobalSection
	GlobalSection(SolutionProperties) = preSolution
		HideSolutionNode = FALSE
	EndGlobalSection
	GlobalSection(ExtensibilityGlobals) = postSolution
		SolutionGuid = {83DC6DA7-38C7-4158-B744-62F53FF4CEA8}
	EndGlobalSection
EndGlobal
